
Microsoft Visual Studio Solution File, Format Version 12.00
# Visual Studio Version 17
VisualStudioVersion = 17.6.33712.159
MinimumVisualStudioVersion = 10.0.40219.1
Project("{FAE04EC0-301F-11D3-BF4B-00C04F79EFBC}") = "API", "API\API.csproj", "{050351A6-C28E-4765-A18B-558056F2EBCF}"
EndProject
Project("{FAE04EC0-301F-11D3-BF4B-00C04F79EFBC}") = "Domain", "Domain\Domain.csproj", "{3AE440F1-595C-4477-AAE8-71558EFF3128}"
EndProject
Project("{FAE04EC0-301F-11D3-BF4B-00C04F79EFBC}") = "Persistence", "Persistence\Persistence.csproj", "{76D28464-1537-4B58-8F32-3F345AC190D0}"
EndProject
Global
	GlobalSection(SolutionConfigurationPlatforms) = preSolution
		Debug|Any CPU = Debug|Any CPU
		Release|Any CPU = Release|Any CPU
	EndGlobalSection
	GlobalSection(ProjectConfigurationPlatforms) = postSolution
		{050351A6-C28E-4765-A18B-558056F2EBCF}.Debug|Any CPU.ActiveCfg = Debug|Any CPU
		{050351A6-C28E-4765-A18B-558056F2EBCF}.Debug|Any CPU.Build.0 = Debug|Any CPU
		{050351A6-C28E-4765-A18B-558056F2EBCF}.Release|Any CPU.ActiveCfg = Release|Any CPU
		{050351A6-C28E-4765-A18B-558056F2EBCF}.Release|Any CPU.Build.0 = Release|Any CPU
		{3AE440F1-595C-4477-AAE8-71558EFF3128}.Debug|Any CPU.ActiveCfg = Debug|Any CPU
		{3AE440F1-595C-4477-AAE8-71558EFF3128}.Debug|Any CPU.Build.0 = Debug|Any CPU
		{3AE440F1-595C-4477-AAE8-71558EFF3128}.Release|Any CPU.ActiveCfg = Release|Any CPU
		{3AE440F1-595C-4477-AAE8-71558EFF3128}.Release|Any CPU.Build.0 = Release|Any CPU
		{76D28464-1537-4B58-8F32-3F345AC190D0}.Debug|Any CPU.ActiveCfg = Debug|Any CPU
		{76D28464-1537-4B58-8F32-3F345AC190D0}.Debug|Any CPU.Build.0 = Debug|Any CPU
		{76D28464-1537-4B58-8F32-3F345AC190D0}.Release|Any CPU.ActiveCfg = Release|Any CPU
		{76D28464-1537-4B58-8F32-3F345AC190D0}.Release|Any CPU.Build.0 = Release|Any CPU
	EndGlobalSection
	GlobalSection(SolutionProperties) = preSolution
		HideSolutionNode = FALSE
	EndGlobalSection
	GlobalSection(ExtensibilityGlobals) = postSolution
		SolutionGuid = {CE8F90AA-5C5D-40A8-BECE-59D6F18E20F0}
	EndGlobalSection
EndGlobal
